{
  "name": "grid",
  "lockfileVersion": 2,
  "requires": true,
  "packages": {
    "": {
      "dependencies": {
        "fluent-reveal-effect": "^3.0.11",
        "gridstack": "^7.2.3"
      }
    },
    "node_modules/fluent-reveal-effect": {
      "version": "3.0.11",
      "resolved": "https://registry.npmjs.org/fluent-reveal-effect/-/fluent-reveal-effect-3.0.11.tgz",
      "integrity": "sha512-USA5Y37RFIxGO0+WeRwznWD3BXJG+KXZWismwz17Jajxlby0OXmlxueQWlQyOoKrY6raTpNyF5yKvqf4OGlEBg=="
    },
    "node_modules/gridstack": {
      "version": "7.2.3",
      "resolved": "https://registry.npmjs.org/gridstack/-/gridstack-7.2.3.tgz",
      "integrity": "sha512-1s4Fx+Hr4nKl064q/ygrd41XiZaC2gG6R+yz5nbOibP9vODJ6mOtjIM5x8qKN12FknakaMpVBnCa1T6V7H15hQ==",
      "funding": [
        {
          "type": "paypal",
          "url": "https://www.paypal.me/alaind831"
        },
        {
          "type": "venmo",
          "url": "https://www.venmo.com/adumesny"
        }
      ]
    }
  },
  "dependencies": {
    "fluent-reveal-effect": {
      "version": "3.0.11",
      "resolved": "https://registry.npmjs.org/fluent-reveal-effect/-/fluent-reveal-effect-3.0.11.tgz",
      "integrity": "sha512-USA5Y37RFIxGO0+WeRwznWD3BXJG+KXZWismwz17Jajxlby0OXmlxueQWlQyOoKrY6raTpNyF5yKvqf4OGlEBg=="
    },
    "gridstack": {
      "version": "7.2.3",
      "resolved": "https://registry.npmjs.org/gridstack/-/gridstack-7.2.3.tgz",
      "integrity": "sha512-1s4Fx+Hr4nKl064q/ygrd41XiZaC2gG6R+yz5nbOibP9vODJ6mOtjIM5x8qKN12FknakaMpVBnCa1T6V7H15hQ=="
    }
  }
}
